
Microsoft Visual Studio Solution File, Format Version 12.00
# Visual Studio Version 16
VisualStudioVersion = 16.0.29806.167
MinimumVisualStudioVersion = 10.0.40219.1
Project("{FAE04EC0-301F-11D3-BF4B-00C04F79EFBC}") = "JackPotAspApi", "JackPotAspApi\JackPotAspApi.csproj", "{CF2050BD-5D97-4747-98F7-D801A12A722C}"
EndProject
Global
	GlobalSection(SolutionConfigurationPlatforms) = preSolution
		Debug|Any CPU = Debug|Any CPU
		Release|Any CPU = Release|Any CPU
	EndGlobalSection
	GlobalSection(ProjectConfigurationPlatforms) = postSolution
		{CF2050BD-5D97-4747-98F7-D801A12A722C}.Debug|Any CPU.ActiveCfg = Debug|Any CPU
		{CF2050BD-5D97-4747-98F7-D801A12A722C}.Debug|Any CPU.Build.0 = Debug|Any CPU
		{CF2050BD-5D97-4747-98F7-D801A12A722C}.Release|Any CPU.ActiveCfg = Release|Any CPU
		{CF2050BD-5D97-4747-98F7-D801A12A722C}.Release|Any CPU.Build.0 = Release|Any CPU
	EndGlobalSection
	GlobalSection(SolutionProperties) = preSolution
		HideSolutionNode = FALSE
	EndGlobalSection
	GlobalSection(ExtensibilityGlobals) = postSolution
		SolutionGuid = {A7E46DBD-4D50-48DE-9504-26D2FF45AA4A}
	EndGlobalSection
EndGlobal
